// !$*UTF8*$!
{
	archiveVersion = 1;
	classes = {
	};
	objectVersion = 46;
	objects = {

/* Begin PBXBuildFile section */
		501844B31C7320AB0079561E /* JordanHeadImageView.swift in Sources */ = {isa = PBXBuildFile; fileRef = 501844B21C7320AB0079561E /* JordanHeadImageView.swift */; };
		501844B51C7360030079561E /* InfoViewController.swift in Sources */ = {isa = PBXBuildFile; fileRef = 501844B41C7360030079561E /* InfoViewController.swift */; };
		501A5F571C25E32D0070ECD6 /* Extensions.swift in Sources */ = {isa = PBXBuildFile; fileRef = 501A5F561C25E32D0070ECD6 /* Extensions.swift */; };
		501A5F5B1C25E9F00070ECD6 /* JordanHead.swift in Sources */ = {isa = PBXBuildFile; fileRef = 501A5F5A1C25E9F00070ECD6 /* JordanHead.swift */; };
		5031DEF31C24AA1E00473339 /* ImageEditingViewController.swift in Sources */ = {isa = PBXBuildFile; fileRef = 5031DEF21C24AA1E00473339 /* ImageEditingViewController.swift */; };
		5071A7331C826CF300753BBE /* JordanHeadMemeMessageCustomization.json in Resources */ = {isa = PBXBuildFile; fileRef = 5071A7321C826CF300753BBE /* JordanHeadMemeMessageCustomization.json */; };
		507C70061C24A4C900B8D890 /* AppDelegate.swift in Sources */ = {isa = PBXBuildFile; fileRef = 507C70051C24A4C900B8D890 /* AppDelegate.swift */; };
		507C70081C24A4C900B8D890 /* ViewController.swift in Sources */ = {isa = PBXBuildFile; fileRef = 507C70071C24A4C900B8D890 /* ViewController.swift */; };
		507C700B1C24A4C900B8D890 /* Main.storyboard in Resources */ = {isa = PBXBuildFile; fileRef = 507C70091C24A4C900B8D890 /* Main.storyboard */; };
		507C700D1C24A4C900B8D890 /* Assets.xcassets in Resources */ = {isa = PBXBuildFile; fileRef = 507C700C1C24A4C900B8D890 /* Assets.xcassets */; };
		507C70101C24A4C900B8D890 /* LaunchScreen.storyboard in Resources */ = {isa = PBXBuildFile; fileRef = 507C700E1C24A4C900B8D890 /* LaunchScreen.storyboard */; };
		507C701B1C24A4C900B8D890 /* JordanHeadMemeTests.swift in Sources */ = {isa = PBXBuildFile; fileRef = 507C701A1C24A4C900B8D890 /* JordanHeadMemeTests.swift */; };
		50D0C19E1C6904FE00DB8A51 /* ImageProcessor.swift in Sources */ = {isa = PBXBuildFile; fileRef = 50D0C19D1C6904FE00DB8A51 /* ImageProcessor.swift */; };
		50E267131C6F1CF20075306C /* ImageProcessor.swift in Sources */ = {isa = PBXBuildFile; fileRef = 50D0C19D1C6904FE00DB8A51 /* ImageProcessor.swift */; };
		50E267141C6F1CFB0075306C /* JordanHead.swift in Sources */ = {isa = PBXBuildFile; fileRef = 501A5F5A1C25E9F00070ECD6 /* JordanHead.swift */; };
		50E2671A1C70AF190075306C /* elevenFaces.jpg in Resources */ = {isa = PBXBuildFile; fileRef = 50E267171C70AF190075306C /* elevenFaces.jpg */; };
		50E2671B1C70AF190075306C /* fiveFaces.jpg in Resources */ = {isa = PBXBuildFile; fileRef = 50E267181C70AF190075306C /* fiveFaces.jpg */; };
		50E2671C1C70AF190075306C /* fourFaces.jpg in Resources */ = {isa = PBXBuildFile; fileRef = 50E267191C70AF190075306C /* fourFaces.jpg */; };
		50E2671D1C70B1970075306C /* Extensions.swift in Sources */ = {isa = PBXBuildFile; fileRef = 501A5F561C25E32D0070ECD6 /* Extensions.swift */; };
		50E267211C70B76E0075306C /* oneFace.jpg in Resources */ = {isa = PBXBuildFile; fileRef = 50E2671E1C70B76E0075306C /* oneFace.jpg */; };
		50E267221C70B76E0075306C /* threeFaces.jpg in Resources */ = {isa = PBXBuildFile; fileRef = 50E2671F1C70B76E0075306C /* threeFaces.jpg */; };
		50E267231C70B76E0075306C /* twoFaces.jpg in Resources */ = {isa = PBXBuildFile; fileRef = 50E267201C70B76E0075306C /* twoFaces.jpg */; };
		50E267251C70BBE60075306C /* beardFace.jpg in Resources */ = {isa = PBXBuildFile; fileRef = 50E267241C70BBE60075306C /* beardFace.jpg */; };
		50E267281C70BD7B0075306C /* leftFacingFace.jpg in Resources */ = {isa = PBXBuildFile; fileRef = 50E267261C70BD7B0075306C /* leftFacingFace.jpg */; };
		50E267291C70BD7B0075306C /* rightFacingFace.jpg in Resources */ = {isa = PBXBuildFile; fileRef = 50E267271C70BD7B0075306C /* rightFacingFace.jpg */; };
		50E2672B1C7248A10075306C /* glassesFace.jpg in Resources */ = {isa = PBXBuildFile; fileRef = 50E2672A1C7248A10075306C /* glassesFace.jpg */; };
		50E2672D1C7248DE0075306C /* noFaces.jpg in Resources */ = {isa = PBXBuildFile; fileRef = 50E2672C1C7248DE0075306C /* noFaces.jpg */; };
		633478F21C7B3BF4004F11C1 /* Analytics.swift in Sources */ = {isa = PBXBuildFile; fileRef = 633478F11C7B3BF4004F11C1 /* Analytics.swift */; };
		8E2505074C6ECA865CCF0E77 /* Pods.framework in Frameworks */ = {isa = PBXBuildFile; fileRef = 41EEAA9708D97A41BCCE00CD /* Pods.framework */; };
/* End PBXBuildFile section */

/* Begin PBXContainerItemProxy section */
		507C70171C24A4C900B8D890 /* PBXContainerItemProxy */ = {
			isa = PBXContainerItemProxy;
			containerPortal = 507C6FFA1C24A4C900B8D890 /* Project object */;
			proxyType = 1;
			remoteGlobalIDString = 507C70011C24A4C900B8D890;
			remoteInfo = JordanHeadMeme;
		};
/* End PBXContainerItemProxy section */

/* Begin PBXFileReference section */
		41EEAA9708D97A41BCCE00CD /* Pods.framework */ = {isa = PBXFileReference; explicitFileType = wrapper.framework; includeInIndex = 0; path = Pods.framework; sourceTree = BUILT_PRODUCTS_DIR; };
		501844B21C7320AB0079561E /* JordanHeadImageView.swift */ = {isa = PBXFileReference; fileEncoding = 4; lastKnownFileType = sourcecode.swift; path = JordanHeadImageView.swift; sourceTree = "<group>"; };
		501844B41C7360030079561E /* InfoViewController.swift */ = {isa = PBXFileReference; fileEncoding = 4; lastKnownFileType = sourcecode.swift; path = InfoViewController.swift; sourceTree = "<group>"; };
		501A5F561C25E32D0070ECD6 /* Extensions.swift */ = {isa = PBXFileReference; fileEncoding = 4; lastKnownFileType = sourcecode.swift; path = Extensions.swift; sourceTree = "<group>"; };
		501A5F5A1C25E9F00070ECD6 /* JordanHead.swift */ = {isa = PBXFileReference; fileEncoding = 4; lastKnownFileType = sourcecode.swift; path = JordanHead.swift; sourceTree = "<group>"; };
		5031DEF21C24AA1E00473339 /* ImageEditingViewController.swift */ = {isa = PBXFileReference; fileEncoding = 4; lastKnownFileType = sourcecode.swift; path = ImageEditingViewController.swift; sourceTree = "<group>"; };
		5071A7321C826CF300753BBE /* JordanHeadMemeMessageCustomization.json */ = {isa = PBXFileReference; fileEncoding = 4; lastKnownFileType = text.json; path = JordanHeadMemeMessageCustomization.json; sourceTree = "<group>"; };
		507C70021C24A4C900B8D890 /* JordanHeadMeme.app */ = {isa = PBXFileReference; explicitFileType = wrapper.application; includeInIndex = 0; path = JordanHeadMeme.app; sourceTree = BUILT_PRODUCTS_DIR; };
		507C70051C24A4C900B8D890 /* AppDelegate.swift */ = {isa = PBXFileReference; lastKnownFileType = sourcecode.swift; path = AppDelegate.swift; sourceTree = "<group>"; };
		507C70071C24A4C900B8D890 /* ViewController.swift */ = {isa = PBXFileReference; lastKnownFileType = sourcecode.swift; path = ViewController.swift; sourceTree = "<group>"; };
		507C700A1C24A4C900B8D890 /* Base */ = {isa = PBXFileReference; lastKnownFileType = file.storyboard; name = Base; path = Base.lproj/Main.storyboard; sourceTree = "<group>"; };
		507C700C1C24A4C900B8D890 /* Assets.xcassets */ = {isa = PBXFileReference; lastKnownFileType = folder.assetcatalog; path = Assets.xcassets; sourceTree = "<group>"; };
		507C700F1C24A4C900B8D890 /* Base */ = {isa = PBXFileReference; lastKnownFileType = file.storyboard; name = Base; path = Base.lproj/LaunchScreen.storyboard; sourceTree = "<group>"; };
		507C70111C24A4C900B8D890 /* Info.plist */ = {isa = PBXFileReference; lastKnownFileType = text.plist.xml; path = Info.plist; sourceTree = "<group>"; };
		507C70161C24A4C900B8D890 /* JordanHeadMemeTests.xctest */ = {isa = PBXFileReference; explicitFileType = wrapper.cfbundle; includeInIndex = 0; path = JordanHeadMemeTests.xctest; sourceTree = BUILT_PRODUCTS_DIR; };
		507C701A1C24A4C900B8D890 /* JordanHeadMemeTests.swift */ = {isa = PBXFileReference; lastKnownFileType = sourcecode.swift; path = JordanHeadMemeTests.swift; sourceTree = "<group>"; };
		507C701C1C24A4C900B8D890 /* Info.plist */ = {isa = PBXFileReference; lastKnownFileType = text.plist.xml; path = Info.plist; sourceTree = "<group>"; };
		50D0C19D1C6904FE00DB8A51 /* ImageProcessor.swift */ = {isa = PBXFileReference; fileEncoding = 4; lastKnownFileType = sourcecode.swift; path = ImageProcessor.swift; sourceTree = "<group>"; };
		50E267171C70AF190075306C /* elevenFaces.jpg */ = {isa = PBXFileReference; lastKnownFileType = image.jpeg; path = elevenFaces.jpg; sourceTree = "<group>"; };
		50E267181C70AF190075306C /* fiveFaces.jpg */ = {isa = PBXFileReference; lastKnownFileType = image.jpeg; path = fiveFaces.jpg; sourceTree = "<group>"; };
		50E267191C70AF190075306C /* fourFaces.jpg */ = {isa = PBXFileReference; lastKnownFileType = image.jpeg; path = fourFaces.jpg; sourceTree = "<group>"; };
		50E2671E1C70B76E0075306C /* oneFace.jpg */ = {isa = PBXFileReference; lastKnownFileType = image.jpeg; path = oneFace.jpg; sourceTree = "<group>"; };
		50E2671F1C70B76E0075306C /* threeFaces.jpg */ = {isa = PBXFileReference; lastKnownFileType = image.jpeg; path = threeFaces.jpg; sourceTree = "<group>"; };
		50E267201C70B76E0075306C /* twoFaces.jpg */ = {isa = PBXFileReference; lastKnownFileType = image.jpeg; path = twoFaces.jpg; sourceTree = "<group>"; };
		50E267241C70BBE60075306C /* beardFace.jpg */ = {isa = PBXFileReference; lastKnownFileType = image.jpeg; path = beardFace.jpg; sourceTree = "<group>"; };
		50E267261C70BD7B0075306C /* leftFacingFace.jpg */ = {isa = PBXFileReference; lastKnownFileType = image.jpeg; path = leftFacingFace.jpg; sourceTree = "<group>"; };
		50E267271C70BD7B0075306C /* rightFacingFace.jpg */ = {isa = PBXFileReference; lastKnownFileType = image.jpeg; path = rightFacingFace.jpg; sourceTree = "<group>"; };
		50E2672A1C7248A10075306C /* glassesFace.jpg */ = {isa = PBXFileReference; lastKnownFileType = image.jpeg; path = glassesFace.jpg; sourceTree = "<group>"; };
		50E2672C1C7248DE0075306C /* noFaces.jpg */ = {isa = PBXFileReference; lastKnownFileType = image.jpeg; path = noFaces.jpg; sourceTree = "<group>"; };
		62FF1E4695868853A6137486 /* Pods.release.xcconfig */ = {isa = PBXFileReference; includeInIndex = 1; lastKnownFileType = text.xcconfig; name = Pods.release.xcconfig; path = "Pods/Target Support Files/Pods/Pods.release.xcconfig"; sourceTree = "<group>"; };
		633478F11C7B3BF4004F11C1 /* Analytics.swift */ = {isa = PBXFileReference; fileEncoding = 4; lastKnownFileType = sourcecode.swift; path = Analytics.swift; sourceTree = "<group>"; };
		BBEF34FFE6AFCDDFD3409F74 /* Pods.debug.xcconfig */ = {isa = PBXFileReference; includeInIndex = 1; lastKnownFileType = text.xcconfig; name = Pods.debug.xcconfig; path = "Pods/Target Support Files/Pods/Pods.debug.xcconfig"; sourceTree = "<group>"; };
/* End PBXFileReference section */

/* Begin PBXFrameworksBuildPhase section */
		507C6FFF1C24A4C900B8D890 /* Frameworks */ = {
			isa = PBXFrameworksBuildPhase;
			buildActionMask = 2147483647;
			files = (
				8E2505074C6ECA865CCF0E77 /* Pods.framework in Frameworks */,
			);
			runOnlyForDeploymentPostprocessing = 0;
		};
		507C70131C24A4C900B8D890 /* Frameworks */ = {
			isa = PBXFrameworksBuildPhase;
			buildActionMask = 2147483647;
			files = (
			);
			runOnlyForDeploymentPostprocessing = 0;
		};
/* End PBXFrameworksBuildPhase section */

/* Begin PBXGroup section */
		4743B973631D85A3D9073688 /* Pods */ = {
			isa = PBXGroup;
			children = (
				BBEF34FFE6AFCDDFD3409F74 /* Pods.debug.xcconfig */,
				62FF1E4695868853A6137486 /* Pods.release.xcconfig */,
			);
			name = Pods;
			sourceTree = "<group>";
		};
		501844B61C7360080079561E /* Controllers */ = {
			isa = PBXGroup;
			children = (
				507C70051C24A4C900B8D890 /* AppDelegate.swift */,
				507C70071C24A4C900B8D890 /* ViewController.swift */,
				501844B41C7360030079561E /* InfoViewController.swift */,
				5031DEF21C24AA1E00473339 /* ImageEditingViewController.swift */,
			);
			name = Controllers;
			sourceTree = "<group>";
		};
		501844B71C7360130079561E /* Objects */ = {
			isa = PBXGroup;
			children = (
				501A5F5A1C25E9F00070ECD6 /* JordanHead.swift */,
				501844B21C7320AB0079561E /* JordanHeadImageView.swift */,
			);
			name = Objects;
			sourceTree = "<group>";
		};
		501844B81C7360190079561E /* Utilities */ = {
			isa = PBXGroup;
			children = (
				50D0C19D1C6904FE00DB8A51 /* ImageProcessor.swift */,
				633478F11C7B3BF4004F11C1 /* Analytics.swift */,
				501A5F561C25E32D0070ECD6 /* Extensions.swift */,
				5071A7321C826CF300753BBE /* JordanHeadMemeMessageCustomization.json */,
			);
			name = Utilities;
			sourceTree = "<group>";
		};
		501844B91C7360240079561E /* Views */ = {
			isa = PBXGroup;
			children = (
				507C70091C24A4C900B8D890 /* Main.storyboard */,
				507C700C1C24A4C900B8D890 /* Assets.xcassets */,
				507C700E1C24A4C900B8D890 /* LaunchScreen.storyboard */,
			);
			name = Views;
			sourceTree = "<group>";
		};
		507C6FF91C24A4C900B8D890 = {
			isa = PBXGroup;
			children = (
				507C70041C24A4C900B8D890 /* JordanHeadMeme */,
				507C70191C24A4C900B8D890 /* JordanHeadMemeTests */,
				507C70031C24A4C900B8D890 /* Products */,
				4743B973631D85A3D9073688 /* Pods */,
				ED932200BE5A2CBB281C42EC /* Frameworks */,
			);
			sourceTree = "<group>";
		};
		507C70031C24A4C900B8D890 /* Products */ = {
			isa = PBXGroup;
			children = (
				507C70021C24A4C900B8D890 /* JordanHeadMeme.app */,
				507C70161C24A4C900B8D890 /* JordanHeadMemeTests.xctest */,
			);
			name = Products;
			sourceTree = "<group>";
		};
		507C70041C24A4C900B8D890 /* JordanHeadMeme */ = {
			isa = PBXGroup;
			children = (
				501844B61C7360080079561E /* Controllers */,
				501844B71C7360130079561E /* Objects */,
				501844B81C7360190079561E /* Utilities */,
				501844B91C7360240079561E /* Views */,
				507C70111C24A4C900B8D890 /* Info.plist */,
			);
			path = JordanHeadMeme;
			sourceTree = "<group>";
		};
		507C70191C24A4C900B8D890 /* JordanHeadMemeTests */ = {
			isa = PBXGroup;
			children = (
				507C701A1C24A4C900B8D890 /* JordanHeadMemeTests.swift */,
				50E267161C70AF190075306C /* testPhotos */,
				507C701C1C24A4C900B8D890 /* Info.plist */,
			);
			path = JordanHeadMemeTests;
			sourceTree = "<group>";
		};
		50E267161C70AF190075306C /* testPhotos */ = {
			isa = PBXGroup;
			children = (
				50E2672A1C7248A10075306C /* glassesFace.jpg */,
				50E267261C70BD7B0075306C /* leftFacingFace.jpg */,
				50E267271C70BD7B0075306C /* rightFacingFace.jpg */,
				50E267241C70BBE60075306C /* beardFace.jpg */,
				50E2671E1C70B76E0075306C /* oneFace.jpg */,
				50E2672C1C7248DE0075306C /* noFaces.jpg */,
				50E2671F1C70B76E0075306C /* threeFaces.jpg */,
				50E267201C70B76E0075306C /* twoFaces.jpg */,
				50E267171C70AF190075306C /* elevenFaces.jpg */,
				50E267181C70AF190075306C /* fiveFaces.jpg */,
				50E267191C70AF190075306C /* fourFaces.jpg */,
			);
			path = testPhotos;
			sourceTree = "<group>";
		};
		ED932200BE5A2CBB281C42EC /* Frameworks */ = {
			isa = PBXGroup;
			children = (
				41EEAA9708D97A41BCCE00CD /* Pods.framework */,
			);
			name = Frameworks;
			sourceTree = "<group>";
		};
/* End PBXGroup section */

/* Begin PBXNativeTarget section */
		507C70011C24A4C900B8D890 /* JordanHeadMeme */ = {
			isa = PBXNativeTarget;
			buildConfigurationList = 507C702A1C24A4C900B8D890 /* Build configuration list for PBXNativeTarget "JordanHeadMeme" */;
			buildPhases = (
				04931526BA050A73E47CDF71 /* Check Pods Manifest.lock */,
				507C6FFE1C24A4C900B8D890 /* Sources */,
				507C6FFF1C24A4C900B8D890 /* Frameworks */,
				507C70001C24A4C900B8D890 /* Resources */,
				7338913C2891829EA4C9DBF2 /* Embed Pods Frameworks */,
				A8BEF0EC772A0D10DB9F5836 /* Copy Pods Resources */,
				505E05D91C73956D00917E84 /* ShellScript */,
			);
			buildRules = (
			);
			dependencies = (
			);
			name = JordanHeadMeme;
			productName = JordanHeadMeme;
			productReference = 507C70021C24A4C900B8D890 /* JordanHeadMeme.app */;
			productType = "com.apple.product-type.application";
		};
		507C70151C24A4C900B8D890 /* JordanHeadMemeTests */ = {
			isa = PBXNativeTarget;
			buildConfigurationList = 507C702D1C24A4C900B8D890 /* Build configuration list for PBXNativeTarget "JordanHeadMemeTests" */;
			buildPhases = (
				507C70121C24A4C900B8D890 /* Sources */,
				507C70131C24A4C900B8D890 /* Frameworks */,
				507C70141C24A4C900B8D890 /* Resources */,
			);
			buildRules = (
			);
			dependencies = (
				507C70181C24A4C900B8D890 /* PBXTargetDependency */,
			);
			name = JordanHeadMemeTests;
			productName = JordanHeadMemeTests;
			productReference = 507C70161C24A4C900B8D890 /* JordanHeadMemeTests.xctest */;
			productType = "com.apple.product-type.bundle.unit-test";
		};
/* End PBXNativeTarget section */

/* Begin PBXProject section */
		507C6FFA1C24A4C900B8D890 /* Project object */ = {
			isa = PBXProject;
			attributes = {
				LastSwiftUpdateCheck = 0720;
				LastUpgradeCheck = 0720;
				ORGANIZATIONNAME = "David Okun, LLC";
				TargetAttributes = {
					507C70011C24A4C900B8D890 = {
						CreatedOnToolsVersion = 7.2;
						DevelopmentTeam = RQ632LL2X3;
					};
					507C70151C24A4C900B8D890 = {
						CreatedOnToolsVersion = 7.2;
						TestTargetID = 507C70011C24A4C900B8D890;
					};
				};
			};
			buildConfigurationList = 507C6FFD1C24A4C900B8D890 /* Build configuration list for PBXProject "JordanHeadMeme" */;
			compatibilityVersion = "Xcode 3.2";
			developmentRegion = English;
			hasScannedForEncodings = 0;
			knownRegions = (
				en,
				Base,
			);
			mainGroup = 507C6FF91C24A4C900B8D890;
			productRefGroup = 507C70031C24A4C900B8D890 /* Products */;
			projectDirPath = "";
			projectRoot = "";
			targets = (
				507C70011C24A4C900B8D890 /* JordanHeadMeme */,
				507C70151C24A4C900B8D890 /* JordanHeadMemeTests */,
			);
		};
/* End PBXProject section */

/* Begin PBXResourcesBuildPhase section */
		507C70001C24A4C900B8D890 /* Resources */ = {
			isa = PBXResourcesBuildPhase;
			buildActionMask = 2147483647;
			files = (
				507C70101C24A4C900B8D890 /* LaunchScreen.storyboard in Resources */,
				5071A7331C826CF300753BBE /* JordanHeadMemeMessageCustomization.json in Resources */,
				507C700D1C24A4C900B8D890 /* Assets.xcassets in Resources */,
				507C700B1C24A4C900B8D890 /* Main.storyboard in Resources */,
			);
			runOnlyForDeploymentPostprocessing = 0;
		};
		507C70141C24A4C900B8D890 /* Resources */ = {
			isa = PBXResourcesBuildPhase;
			buildActionMask = 2147483647;
			files = (
				50E2671B1C70AF190075306C /* fiveFaces.jpg in Resources */,
				50E2671C1C70AF190075306C /* fourFaces.jpg in Resources */,
				50E2671A1C70AF190075306C /* elevenFaces.jpg in Resources */,
				50E267291C70BD7B0075306C /* rightFacingFace.jpg in Resources */,
				50E267281C70BD7B0075306C /* leftFacingFace.jpg in Resources */,
				50E2672D1C7248DE0075306C /* noFaces.jpg in Resources */,
				50E267251C70BBE60075306C /* beardFace.jpg in Resources */,
				50E267231C70B76E0075306C /* twoFaces.jpg in Resources */,
				50E2672B1C7248A10075306C /* glassesFace.jpg in Resources */,
				50E267221C70B76E0075306C /* threeFaces.jpg in Resources */,
				50E267211C70B76E0075306C /* oneFace.jpg in Resources */,
			);
			runOnlyForDeploymentPostprocessing = 0;
		};
/* End PBXResourcesBuildPhase section */

/* Begin PBXShellScriptBuildPhase section */
		04931526BA050A73E47CDF71 /* Check Pods Manifest.lock */ = {
			isa = PBXShellScriptBuildPhase;
			buildActionMask = 2147483647;
			files = (
			);
			inputPaths = (
			);
			name = "Check Pods Manifest.lock";
			outputPaths = (
			);
			runOnlyForDeploymentPostprocessing = 0;
			shellPath = /bin/sh;
			shellScript = "diff \"${PODS_ROOT}/../Podfile.lock\" \"${PODS_ROOT}/Manifest.lock\" > /dev/null\nif [[ $? != 0 ]] ; then\n    cat << EOM\nerror: The sandbox is not in sync with the Podfile.lock. Run 'pod install' or update your CocoaPods installation.\nEOM\n    exit 1\nfi\n";
			showEnvVarsInLog = 0;
		};
		505E05D91C73956D00917E84 /* ShellScript */ = {
			isa = PBXShellScriptBuildPhase;
			buildActionMask = 2147483647;
			files = (
			);
			inputPaths = (
			);
			outputPaths = (
			);
			runOnlyForDeploymentPostprocessing = 0;
			shellPath = /bin/sh;
			shellScript = "\"${PODS_ROOT}/Fabric/run\" 2562e5594f3c583624c29c6db146c9e585d7d2f2 bdb84a1487ff7e6b043dfe0c95f1349b224067a46e178a036f75d46878f27fee";
		};
		7338913C2891829EA4C9DBF2 /* Embed Pods Frameworks */ = {
			isa = PBXShellScriptBuildPhase;
			buildActionMask = 2147483647;
			files = (
			);
			inputPaths = (
			);
			name = "Embed Pods Frameworks";
			outputPaths = (
			);
			runOnlyForDeploymentPostprocessing = 0;
			shellPath = /bin/sh;
			shellScript = "\"${SRCROOT}/Pods/Target Support Files/Pods/Pods-frameworks.sh\"\n";
			showEnvVarsInLog = 0;
		};
		A8BEF0EC772A0D10DB9F5836 /* Copy Pods Resources */ = {
			isa = PBXShellScriptBuildPhase;
			buildActionMask = 2147483647;
			files = (
			);
			inputPaths = (
			);
			name = "Copy Pods Resources";
			outputPaths = (
			);
			runOnlyForDeploymentPostprocessing = 0;
			shellPath = /bin/sh;
			shellScript = "\"${SRCROOT}/Pods/Target Support Files/Pods/Pods-resources.sh\"\n";
			showEnvVarsInLog = 0;
		};
/* End PBXShellScriptBuildPhase section */

/* Begin PBXSourcesBuildPhase section */
		507C6FFE1C24A4C900B8D890 /* Sources */ = {
			isa = PBXSourcesBuildPhase;
			buildActionMask = 2147483647;
			files = (
				507C70081C24A4C900B8D890 /* ViewController.swift in Sources */,
				507C70061C24A4C900B8D890 /* AppDelegate.swift in Sources */,
				501844B31C7320AB0079561E /* JordanHeadImageView.swift in Sources */,
				5031DEF31C24AA1E00473339 /* ImageEditingViewController.swift in Sources */,
				501A5F5B1C25E9F00070ECD6 /* JordanHead.swift in Sources */,
				50D0C19E1C6904FE00DB8A51 /* ImageProcessor.swift in Sources */,
				501844B51C7360030079561E /* InfoViewController.swift in Sources */,
				501A5F571C25E32D0070ECD6 /* Extensions.swift in Sources */,
				633478F21C7B3BF4004F11C1 /* Analytics.swift in Sources */,
			);
			runOnlyForDeploymentPostprocessing = 0;
		};
		507C70121C24A4C900B8D890 /* Sources */ = {
			isa = PBXSourcesBuildPhase;
			buildActionMask = 2147483647;
			files = (
				50E267141C6F1CFB0075306C /* JordanHead.swift in Sources */,
				50E267131C6F1CF20075306C /* ImageProcessor.swift in Sources */,
				507C701B1C24A4C900B8D890 /* JordanHeadMemeTests.swift in Sources */,
				50E2671D1C70B1970075306C /* Extensions.swift in Sources */,
			);
			runOnlyForDeploymentPostprocessing = 0;
		};
/* End PBXSourcesBuildPhase section */

/* Begin PBXTargetDependency section */
		507C70181C24A4C900B8D890 /* PBXTargetDependency */ = {
			isa = PBXTargetDependency;
			target = 507C70011C24A4C900B8D890 /* JordanHeadMeme */;
			targetProxy = 507C70171C24A4C900B8D890 /* PBXContainerItemProxy */;
		};
/* End PBXTargetDependency section */

/* Begin PBXVariantGroup section */
		507C70091C24A4C900B8D890 /* Main.storyboard */ = {
			isa = PBXVariantGroup;
			children = (
				507C700A1C24A4C900B8D890 /* Base */,
			);
			name = Main.storyboard;
			sourceTree = "<group>";
		};
		507C700E1C24A4C900B8D890 /* LaunchScreen.storyboard */ = {
			isa = PBXVariantGroup;
			children = (
				507C700F1C24A4C900B8D890 /* Base */,
			);
			name = LaunchScreen.storyboard;
			sourceTree = "<group>";
		};
/* End PBXVariantGroup section */

/* Begin XCBuildConfiguration section */
		507C70281C24A4C900B8D890 /* Debug */ = {
			isa = XCBuildConfiguration;
			buildSettings = {
				ALWAYS_SEARCH_USER_PATHS = NO;
				CLANG_CXX_LANGUAGE_STANDARD = "gnu++0x";
				CLANG_CXX_LIBRARY = "libc++";
				CLANG_ENABLE_MODULES = YES;
				CLANG_ENABLE_OBJC_ARC = YES;
				CLANG_WARN_BOOL_CONVERSION = YES;
				CLANG_WARN_CONSTANT_CONVERSION = YES;
				CLANG_WARN_DIRECT_OBJC_ISA_USAGE = YES_ERROR;
				CLANG_WARN_EMPTY_BODY = YES;
				CLANG_WARN_ENUM_CONVERSION = YES;
				CLANG_WARN_INT_CONVERSION = YES;
				CLANG_WARN_OBJC_ROOT_CLASS = YES_ERROR;
				CLANG_WARN_UNREACHABLE_CODE = YES;
				CLANG_WARN__DUPLICATE_METHOD_MATCH = YES;
				"CODE_SIGN_IDENTITY[sdk=iphoneos*]" = "iPhone Developer";
				COPY_PHASE_STRIP = NO;
				DEBUG_INFORMATION_FORMAT = dwarf;
				ENABLE_STRICT_OBJC_MSGSEND = YES;
				ENABLE_TESTABILITY = YES;
				GCC_C_LANGUAGE_STANDARD = gnu99;
				GCC_DYNAMIC_NO_PIC = NO;
				GCC_NO_COMMON_BLOCKS = YES;
				GCC_OPTIMIZATION_LEVEL = 0;
				GCC_PREPROCESSOR_DEFINITIONS = (
					"DEBUG=1",
					"$(inherited)",
				);
				GCC_WARN_64_TO_32_BIT_CONVERSION = YES;
				GCC_WARN_ABOUT_RETURN_TYPE = YES_ERROR;
				GCC_WARN_UNDECLARED_SELECTOR = YES;
				GCC_WARN_UNINITIALIZED_AUTOS = YES_AGGRESSIVE;
				GCC_WARN_UNUSED_FUNCTION = YES;
				GCC_WARN_UNUSED_VARIABLE = YES;
				IPHONEOS_DEPLOYMENT_TARGET = 9.2;
				MTL_ENABLE_DEBUG_INFO = YES;
				ONLY_ACTIVE_ARCH = YES;
				SDKROOT = iphoneos;
				SWIFT_OPTIMIZATION_LEVEL = "-Onone";
				TARGETED_DEVICE_FAMILY = "1,2";
			};
			name = Debug;
		};
		507C70291C24A4C900B8D890 /* Release */ = {
			isa = XCBuildConfiguration;
			buildSettings = {
				ALWAYS_SEARCH_USER_PATHS = NO;
				CLANG_CXX_LANGUAGE_STANDARD = "gnu++0x";
				CLANG_CXX_LIBRARY = "libc++";
				CLANG_ENABLE_MODULES = YES;
				CLANG_ENABLE_OBJC_ARC = YES;
				CLANG_WARN_BOOL_CONVERSION = YES;
				CLANG_WARN_CONSTANT_CONVERSION = YES;
				CLANG_WARN_DIRECT_OBJC_ISA_USAGE = YES_ERROR;
				CLANG_WARN_EMPTY_BODY = YES;
				CLANG_WARN_ENUM_CONVERSION = YES;
				CLANG_WARN_INT_CONVERSION = YES;
				CLANG_WARN_OBJC_ROOT_CLASS = YES_ERROR;
				CLANG_WARN_UNREACHABLE_CODE = YES;
				CLANG_WARN__DUPLICATE_METHOD_MATCH = YES;
				"CODE_SIGN_IDENTITY[sdk=iphoneos*]" = "iPhone Developer";
				COPY_PHASE_STRIP = NO;
				DEBUG_INFORMATION_FORMAT = "dwarf-with-dsym";
				ENABLE_NS_ASSERTIONS = NO;
				ENABLE_STRICT_OBJC_MSGSEND = YES;
				GCC_C_LANGUAGE_STANDARD = gnu99;
				GCC_NO_COMMON_BLOCKS = YES;
				GCC_WARN_64_TO_32_BIT_CONVERSION = YES;
				GCC_WARN_ABOUT_RETURN_TYPE = YES_ERROR;
				GCC_WARN_UNDECLARED_SELECTOR = YES;
				GCC_WARN_UNINITIALIZED_AUTOS = YES_AGGRESSIVE;
				GCC_WARN_UNUSED_FUNCTION = YES;
				GCC_WARN_UNUSED_VARIABLE = YES;
				IPHONEOS_DEPLOYMENT_TARGET = 9.2;
				MTL_ENABLE_DEBUG_INFO = NO;
				SDKROOT = iphoneos;
				TARGETED_DEVICE_FAMILY = "1,2";
				VALIDATE_PRODUCT = YES;
			};
			name = Release;
		};
		507C702B1C24A4C900B8D890 /* Debug */ = {
			isa = XCBuildConfiguration;
			baseConfigurationReference = BBEF34FFE6AFCDDFD3409F74 /* Pods.debug.xcconfig */;
			buildSettings = {
				ASSETCATALOG_COMPILER_APPICON_NAME = AppIcon;
				CODE_SIGN_IDENTITY = "iPhone Distribution: David Okun (RQ632LL2X3)";
				DEBUG_INFORMATION_FORMAT = "dwarf-with-dsym";
				INFOPLIST_FILE = JordanHeadMeme/Info.plist;
				IPHONEOS_DEPLOYMENT_TARGET = 8.0;
				LD_RUNPATH_SEARCH_PATHS = "$(inherited) @executable_path/Frameworks";
				PRODUCT_BUNDLE_IDENTIFIER = com.okun.JordanHeadMeme;
				PRODUCT_NAME = "$(TARGET_NAME)";
				PROVISIONING_PROFILE = "601ae08d-4bf4-4852-ae53-0fb57a224b7f";
			};
			name = Debug;
		};
		507C702C1C24A4C900B8D890 /* Release */ = {
			isa = XCBuildConfiguration;
			baseConfigurationReference = 62FF1E4695868853A6137486 /* Pods.release.xcconfig */;
			buildSettings = {
				ASSETCATALOG_COMPILER_APPICON_NAME = AppIcon;
				CODE_SIGN_IDENTITY = "iPhone Distribution: David Okun (RQ632LL2X3)";
				GCC_PREPROCESSOR_DEFINITIONS = "$(inherited)";
				INFOPLIST_FILE = JordanHeadMeme/Info.plist;
				IPHONEOS_DEPLOYMENT_TARGET = 8.0;
				LD_RUNPATH_SEARCH_PATHS = "$(inherited) @executable_path/Frameworks";
				PRODUCT_BUNDLE_IDENTIFIER = com.okun.JordanHeadMeme;
				PRODUCT_NAME = "$(TARGET_NAME)";
				PROVISIONING_PROFILE = "601ae08d-4bf4-4852-ae53-0fb57a224b7f";
			};
			name = Release;
		};
		507C702E1C24A4C900B8D890 /* Debug */ = {
			isa = XCBuildConfiguration;
			buildSettings = {
				BUNDLE_LOADER = "$(TEST_HOST)";
				INFOPLIST_FILE = JordanHeadMemeTests/Info.plist;
				LD_RUNPATH_SEARCH_PATHS = "$(inherited) @executable_path/Frameworks @loader_path/Frameworks";
				PRODUCT_BUNDLE_IDENTIFIER = com.okun.JordanHeadMemeTests;
				PRODUCT_NAME = "$(TARGET_NAME)";
				TEST_HOST = "$(BUILT_PRODUCTS_DIR)/JordanHeadMeme.app/JordanHeadMeme";
			};
			name = Debug;
		};
		507C702F1C24A4C900B8D890 /* Release */ = {
			isa = XCBuildConfiguration;
			buildSettings = {
				BUNDLE_LOADER = "$(TEST_HOST)";
				INFOPLIST_FILE = JordanHeadMemeTests/Info.plist;
				LD_RUNPATH_SEARCH_PATHS = "$(inherited) @executable_path/Frameworks @loader_path/Frameworks";
				PRODUCT_BUNDLE_IDENTIFIER = com.okun.JordanHeadMemeTests;
				PRODUCT_NAME = "$(TARGET_NAME)";
				TEST_HOST = "$(BUILT_PRODUCTS_DIR)/JordanHeadMeme.app/JordanHeadMeme";
			};
			name = Release;
		};
/* End XCBuildConfiguration section */

/* Begin XCConfigurationList section */
		507C6FFD1C24A4C900B8D890 /* Build configuration list for PBXProject "JordanHeadMeme" */ = {
			isa = XCConfigurationList;
			buildConfigurations = (
				507C70281C24A4C900B8D890 /* Debug */,
				507C70291C24A4C900B8D890 /* Release */,
			);
			defaultConfigurationIsVisible = 0;
			defaultConfigurationName = Release;
		};
		507C702A1C24A4C900B8D890 /* Build configuration list for PBXNativeTarget "JordanHeadMeme" */ = {
			isa = XCConfigurationList;
			buildConfigurations = (
				507C702B1C24A4C900B8D890 /* Debug */,
				507C702C1C24A4C900B8D890 /* Release */,
			);
			defaultConfigurationIsVisible = 0;
			defaultConfigurationName = Release;
		};
		507C702D1C24A4C900B8D890 /* Build configuration list for PBXNativeTarget "JordanHeadMemeTests" */ = {
			isa = XCConfigurationList;
			buildConfigurations = (
				507C702E1C24A4C900B8D890 /* Debug */,
				507C702F1C24A4C900B8D890 /* Release */,
			);
			defaultConfigurationIsVisible = 0;
			defaultConfigurationName = Release;
		};
/* End XCConfigurationList section */
	};
	rootObject = 507C6FFA1C24A4C900B8D890 /* Project object */;
}
